<?xml version="1.0" encoding="utf-8"?>
<Project ToolsVersion="4.0" xmlns="http://schemas.microsoft.com/developer/msbuild/2003">
  <ItemGroup>
    <ClCompile Include="APipeCommTest.cpp">
      <Filter>Source Files</Filter>
    </ClCompile>
    <ClCompile Include="PipeCommTest.cpp">
      <Filter>Source Files</Filter>
    </ClCompile>
    <ClCompile Include="pch.cpp">
      <Filter>Precompiled</Filter>
    </ClCompile>
    <ClCompile Include="implementations.cpp">
      <Filter>Source Files</Filter>
    </ClCompile>
    <ClCompile Include="CPipeCommTest.cpp">
      <Filter>Source Files</Filter>
    </ClCompile>
    <ClCompile Include="RunTwoAppsTest.cpp">
      <Filter>Source Files</Filter>
    </ClCompile>
  </ItemGroup>
  <ItemGroup>
    <None Include="packages.config" />
  </ItemGroup>
  <ItemGroup>
    <Filter Include="Header Files">
      <UniqueIdentifier>{c5141a5b-b9b4-410a-9571-1407fd65b7e5}</UniqueIdentifier>
    </Filter>
    <Filter Include="Source Files">
      <UniqueIdentifier>{393b9579-57ef-49ca-963a-1f28f01a679a}</UniqueIdentifier>
    </Filter>
    <Filter Include="Precompiled">
      <UniqueIdentifier>{2c8dfb5d-7cd5-42c0-9699-7d5c420f2c4b}</UniqueIdentifier>
    </Filter>
  </ItemGroup>
  <ItemGroup>
    <ClInclude Include="pch.h">
      <Filter>Precompiled</Filter>
    </ClInclude>
    <ClInclude Include="implementations.h">
      <Filter>Header Files</Filter>
    </ClInclude>
  </ItemGroup>
</Project>