
Microsoft Visual Studio Solution File, Format Version 12.00
# Visual Studio Version 16
VisualStudioVersion = 16.0.29613.14
MinimumVisualStudioVersion = 10.0.40219.1
Project("{8BC9CEB8-8B4A-11D0-8D11-00A0C91BC942}") = "PipeCommLib", "PipeCommLib.vcxproj", "{A8F2969A-79AF-41EF-A997-84A57C47A15F}"
EndProject
Project("{8BC9CEB8-8B4A-11D0-8D11-00A0C91BC942}") = "PipeCommLib_Test", "..\__tests__\PipeCommLib_Test\PipeCommLib_Test.vcxproj", "{B9EB6840-C08D-4CB7-A711-8D2B911350DB}"
	ProjectSection(ProjectDependencies) = postProject
		{23EF410D-862F-4B3E-B1AC-A68E9600414D} = {23EF410D-862F-4B3E-B1AC-A68E9600414D}
		{4494D637-FC29-4B99-BC8B-BC886709A811} = {4494D637-FC29-4B99-BC8B-BC886709A811}
		{A8F2969A-79AF-41EF-A997-84A57C47A15F} = {A8F2969A-79AF-41EF-A997-84A57C47A15F}
		{9B7E46EC-745F-4C9A-8990-32B3BF199040} = {9B7E46EC-745F-4C9A-8990-32B3BF199040}
	EndProjectSection
EndProject
Project("{2150E333-8FDC-42A3-9474-1A3956D46DE8}") = "common", "common", "{09BB8DAA-1410-4C75-97BD-374204826B25}"
EndProject
Project("{2150E333-8FDC-42A3-9474-1A3956D46DE8}") = "test_apps", "test_apps", "{2BF68048-87EF-4878-96BF-94F3FF55F71F}"
EndProject
Project("{8BC9CEB8-8B4A-11D0-8D11-00A0C91BC942}") = "TxApp", "..\__tests__\test_apps\TxApp\TxApp.vcxproj", "{23EF410D-862F-4B3E-B1AC-A68E9600414D}"
	ProjectSection(ProjectDependencies) = postProject
		{4494D637-FC29-4B99-BC8B-BC886709A811} = {4494D637-FC29-4B99-BC8B-BC886709A811}
		{A8F2969A-79AF-41EF-A997-84A57C47A15F} = {A8F2969A-79AF-41EF-A997-84A57C47A15F}
	EndProjectSection
EndProject
Project("{8BC9CEB8-8B4A-11D0-8D11-00A0C91BC942}") = "RxApp", "..\__tests__\test_apps\RxApp\RxApp.vcxproj", "{9B7E46EC-745F-4C9A-8990-32B3BF199040}"
	ProjectSection(ProjectDependencies) = postProject
		{4494D637-FC29-4B99-BC8B-BC886709A811} = {4494D637-FC29-4B99-BC8B-BC886709A811}
		{A8F2969A-79AF-41EF-A997-84A57C47A15F} = {A8F2969A-79AF-41EF-A997-84A57C47A15F}
	EndProjectSection
EndProject
Project("{8BC9CEB8-8B4A-11D0-8D11-00A0C91BC942}") = "StringMessage", "..\__tests__\common\StringMessage\StringMessage.vcxproj", "{4494D637-FC29-4B99-BC8B-BC886709A811}"
	ProjectSection(ProjectDependencies) = postProject
		{A8F2969A-79AF-41EF-A997-84A57C47A15F} = {A8F2969A-79AF-41EF-A997-84A57C47A15F}
	EndProjectSection
EndProject
Global
	GlobalSection(SolutionConfigurationPlatforms) = preSolution
		Debug|x64 = Debug|x64
		Debug|x86 = Debug|x86
		Release|x64 = Release|x64
		Release|x86 = Release|x86
	EndGlobalSection
	GlobalSection(ProjectConfigurationPlatforms) = postSolution
		{A8F2969A-79AF-41EF-A997-84A57C47A15F}.Debug|x64.ActiveCfg = Debug|x64
		{A8F2969A-79AF-41EF-A997-84A57C47A15F}.Debug|x64.Build.0 = Debug|x64
		{A8F2969A-79AF-41EF-A997-84A57C47A15F}.Debug|x86.ActiveCfg = Debug|Win32
		{A8F2969A-79AF-41EF-A997-84A57C47A15F}.Debug|x86.Build.0 = Debug|Win32
		{A8F2969A-79AF-41EF-A997-84A57C47A15F}.Release|x64.ActiveCfg = Release|x64
		{A8F2969A-79AF-41EF-A997-84A57C47A15F}.Release|x64.Build.0 = Release|x64
		{A8F2969A-79AF-41EF-A997-84A57C47A15F}.Release|x86.ActiveCfg = Release|Win32
		{A8F2969A-79AF-41EF-A997-84A57C47A15F}.Release|x86.Build.0 = Release|Win32
		{B9EB6840-C08D-4CB7-A711-8D2B911350DB}.Debug|x64.ActiveCfg = Debug|x64
		{B9EB6840-C08D-4CB7-A711-8D2B911350DB}.Debug|x64.Build.0 = Debug|x64
		{B9EB6840-C08D-4CB7-A711-8D2B911350DB}.Debug|x86.ActiveCfg = Debug|Win32
		{B9EB6840-C08D-4CB7-A711-8D2B911350DB}.Debug|x86.Build.0 = Debug|Win32
		{B9EB6840-C08D-4CB7-A711-8D2B911350DB}.Release|x64.ActiveCfg = Release|x64
		{B9EB6840-C08D-4CB7-A711-8D2B911350DB}.Release|x64.Build.0 = Release|x64
		{B9EB6840-C08D-4CB7-A711-8D2B911350DB}.Release|x86.ActiveCfg = Release|Win32
		{B9EB6840-C08D-4CB7-A711-8D2B911350DB}.Release|x86.Build.0 = Release|Win32
		{23EF410D-862F-4B3E-B1AC-A68E9600414D}.Debug|x64.ActiveCfg = Debug|x64
		{23EF410D-862F-4B3E-B1AC-A68E9600414D}.Debug|x64.Build.0 = Debug|x64
		{23EF410D-862F-4B3E-B1AC-A68E9600414D}.Debug|x86.ActiveCfg = Debug|Win32
		{23EF410D-862F-4B3E-B1AC-A68E9600414D}.Debug|x86.Build.0 = Debug|Win32
		{23EF410D-862F-4B3E-B1AC-A68E9600414D}.Release|x64.ActiveCfg = Release|x64
		{23EF410D-862F-4B3E-B1AC-A68E9600414D}.Release|x64.Build.0 = Release|x64
		{23EF410D-862F-4B3E-B1AC-A68E9600414D}.Release|x86.ActiveCfg = Release|Win32
		{23EF410D-862F-4B3E-B1AC-A68E9600414D}.Release|x86.Build.0 = Release|Win32
		{9B7E46EC-745F-4C9A-8990-32B3BF199040}.Debug|x64.ActiveCfg = Debug|x64
		{9B7E46EC-745F-4C9A-8990-32B3BF199040}.Debug|x64.Build.0 = Debug|x64
		{9B7E46EC-745F-4C9A-8990-32B3BF199040}.Debug|x86.ActiveCfg = Debug|Win32
		{9B7E46EC-745F-4C9A-8990-32B3BF199040}.Debug|x86.Build.0 = Debug|Win32
		{9B7E46EC-745F-4C9A-8990-32B3BF199040}.Release|x64.ActiveCfg = Release|x64
		{9B7E46EC-745F-4C9A-8990-32B3BF199040}.Release|x64.Build.0 = Release|x64
		{9B7E46EC-745F-4C9A-8990-32B3BF199040}.Release|x86.ActiveCfg = Release|Win32
		{9B7E46EC-745F-4C9A-8990-32B3BF199040}.Release|x86.Build.0 = Release|Win32
		{4494D637-FC29-4B99-BC8B-BC886709A811}.Debug|x64.ActiveCfg = Debug|x64
		{4494D637-FC29-4B99-BC8B-BC886709A811}.Debug|x64.Build.0 = Debug|x64
		{4494D637-FC29-4B99-BC8B-BC886709A811}.Debug|x86.ActiveCfg = Debug|Win32
		{4494D637-FC29-4B99-BC8B-BC886709A811}.Debug|x86.Build.0 = Debug|Win32
		{4494D637-FC29-4B99-BC8B-BC886709A811}.Release|x64.ActiveCfg = Release|x64
		{4494D637-FC29-4B99-BC8B-BC886709A811}.Release|x64.Build.0 = Release|x64
		{4494D637-FC29-4B99-BC8B-BC886709A811}.Release|x86.ActiveCfg = Release|Win32
		{4494D637-FC29-4B99-BC8B-BC886709A811}.Release|x86.Build.0 = Release|Win32
	EndGlobalSection
	GlobalSection(SolutionProperties) = preSolution
		HideSolutionNode = FALSE
	EndGlobalSection
	GlobalSection(NestedProjects) = preSolution
		{23EF410D-862F-4B3E-B1AC-A68E9600414D} = {2BF68048-87EF-4878-96BF-94F3FF55F71F}
		{9B7E46EC-745F-4C9A-8990-32B3BF199040} = {2BF68048-87EF-4878-96BF-94F3FF55F71F}
		{4494D637-FC29-4B99-BC8B-BC886709A811} = {09BB8DAA-1410-4C75-97BD-374204826B25}
	EndGlobalSection
	GlobalSection(ExtensibilityGlobals) = postSolution
		SolutionGuid = {7751DAB0-CA7D-4F5C-ADA4-97188958BDDD}
	EndGlobalSection
EndGlobal
